
Microsoft Visual Studio Solution File, Format Version 12.00
# Visual Studio 14
VisualStudioVersion = 14.0.24720.0
MinimumVisualStudioVersion = 10.0.40219.1
Project("{8BC9CEB8-8B4A-11D0-8D11-00A0C91BC942}") = "Programm1", "Programm1\Programm1.vcxproj", "{DA4AE855-5433-4030-8410-FC7B5D3E2557}"
EndProject
Project("{8BC9CEB8-8B4A-11D0-8D11-00A0C91BC942}") = "Programm2", "Programm2\Programm2.vcxproj", "{21A7E976-1CF5-4BE6-9AAD-45C872D21DF0}"
EndProject
Project("{8BC9CEB8-8B4A-11D0-8D11-00A0C91BC942}") = "Ausgaben", "Ausgaben\Ausgaben.vcxproj", "{DDFE1146-3060-481E-8B6D-138515FCBCDE}"
EndProject
Project("{8BC9CEB8-8B4A-11D0-8D11-00A0C91BC942}") = "Speicherbedarf", "Speicherbedarf\Speicherbedarf.vcxproj", "{383D8B45-B309-4ECF-A5FC-A6497C50276B}"
EndProject
Project("{8BC9CEB8-8B4A-11D0-8D11-00A0C91BC942}") = "Konstanten", "Konstanten\Konstanten.vcxproj", "{FA7BF2E5-F3D2-470B-8DB6-989E27E37CAC}"
EndProject
Project("{8BC9CEB8-8B4A-11D0-8D11-00A0C91BC942}") = "Eingabe", "Eingabe\Eingabe.vcxproj", "{E484DEA3-117F-4A51-B5EE-ECFA2FF79D98}"
EndProject
Project("{8BC9CEB8-8B4A-11D0-8D11-00A0C91BC942}") = "aufg-001", "aufg-001\aufg-001.vcxproj", "{2057CABF-1E27-4950-A1AD-454BCAB93775}"
EndProject
Project("{8BC9CEB8-8B4A-11D0-8D11-00A0C91BC942}") = "aufg-002-scanf", "aufg-002-scanf\aufg-002-scanf.vcxproj", "{FD304EE1-4E0A-4BD7-AFC4-F6E906B310DB}"
EndProject
Project("{8BC9CEB8-8B4A-11D0-8D11-00A0C91BC942}") = "Script_Uebung_11", "Script_Uebung_11\Script_Uebung_11.vcxproj", "{4DCA7E6A-0ADB-4F4F-94C4-3FBC9A36BA36}"
EndProject
Project("{8BC9CEB8-8B4A-11D0-8D11-00A0C91BC942}") = "Script_Uebung_13", "Script_Uebung_13\Script_Uebung_13.vcxproj", "{BAA39BD2-C390-47A0-8172-6FB99CEC5CD0}"
EndProject
Project("{8BC9CEB8-8B4A-11D0-8D11-00A0C91BC942}") = "Script_Uebung_14", "Script_Uebung_14\Script_Uebung_14.vcxproj", "{57E70808-E16E-4A43-8F80-74BC3AB80EAF}"
EndProject
Project("{8BC9CEB8-8B4A-11D0-8D11-00A0C91BC942}") = "ueb_008_Taschenrechner", "ueb_008_Taschenrechner\ueb_008_Taschenrechner.vcxproj", "{ECCC3A79-D554-4FDC-B67A-E4BECC9B191E}"
EndProject
Project("{8BC9CEB8-8B4A-11D0-8D11-00A0C91BC942}") = "Lerngruppe", "Lerngruppe\Lerngruppe.vcxproj", "{5E7E1F8A-2CC9-4AEF-9507-286E813C3E85}"
EndProject
Project("{8BC9CEB8-8B4A-11D0-8D11-00A0C91BC942}") = "for_Schleife_001", "for_Schleife_001\for_Schleife_001.vcxproj", "{40B48669-1DA8-4742-B841-39EA385C9382}"
EndProject
Project("{8BC9CEB8-8B4A-11D0-8D11-00A0C91BC942}") = "Taschenrechner 2.0", "Taschenrechner 2.0\Taschenrechner 2.0.vcxproj", "{3E2E9448-0639-4091-96A2-159AC6D3EB0A}"
EndProject
Project("{8BC9CEB8-8B4A-11D0-8D11-00A0C91BC942}") = "getch", "getch\getch.vcxproj", "{95629555-43E6-4FE9-96B0-A5046066FD18}"
EndProject
Project("{8BC9CEB8-8B4A-11D0-8D11-00A0C91BC942}") = "Taschenrechner 0.8", "Taschenrechner 0.8\Taschenrechner 0.8.vcxproj", "{903DCB81-177E-4133-AFB8-C6A0B39852A8}"
EndProject
Project("{8BC9CEB8-8B4A-11D0-8D11-00A0C91BC942}") = "Zufallszahlen", "Zufallszahlen\Zufallszahlen.vcxproj", "{72986E57-51A2-4598-997C-C45B5D3D41C9}"
EndProject
Project("{8BC9CEB8-8B4A-11D0-8D11-00A0C91BC942}") = "ueb_009_Zahlenraten", "ueb_009_Zahlenraten\ueb_009_Zahlenraten.vcxproj", "{ACF80E56-CC3E-4062-9D51-F956DE9E2C10}"
EndProject
Project("{8BC9CEB8-8B4A-11D0-8D11-00A0C91BC942}") = "Fibonacci-Zahlen", "Fibonacci-Zahlen\Fibonacci-Zahlen.vcxproj", "{3AA9D634-BF63-4A31-B182-0C8BF68FABF7}"
EndProject
Project("{8BC9CEB8-8B4A-11D0-8D11-00A0C91BC942}") = "Script_Uebung_18", "Script_Uebung_19\Script_Uebung_19.vcxproj", "{2BFDBADF-B38B-4EC2-9CB0-19A3D840FF53}"
EndProject
Project("{8BC9CEB8-8B4A-11D0-8D11-00A0C91BC942}") = "Script_Uebung19", "Script_Uebung19\Script_Uebung19.vcxproj", "{4249C667-E9C0-4E64-B3D5-80FFCDC55E24}"
EndProject
Project("{8BC9CEB8-8B4A-11D0-8D11-00A0C91BC942}") = "Script_Uebung_20", "Script_Uebung_20\Script_Uebung_20.vcxproj", "{76CA06FF-8DB1-4EB7-BF73-21E60BB52F8E}"
EndProject
Project("{8BC9CEB8-8B4A-11D0-8D11-00A0C91BC942}") = "Script_Uebung_21", "Script_Uebung_21\Script_Uebung_21.vcxproj", "{FDFA8C13-F4E2-4AE3-AB96-F64392A4046A}"
EndProject
Project("{8BC9CEB8-8B4A-11D0-8D11-00A0C91BC942}") = "Script_Uebung_16", "Script_Uebung_16\Script_Uebung_16.vcxproj", "{D682C41E-67B1-45A8-8981-7FAA6C660025}"
EndProject
Project("{8BC9CEB8-8B4A-11D0-8D11-00A0C91BC942}") = "Script_Uebung_23", "Script_Uebung_23\Script_Uebung_23.vcxproj", "{1EBB4490-3AF3-4841-AC10-47452D1DD6DF}"
EndProject
Project("{8BC9CEB8-8B4A-11D0-8D11-00A0C91BC942}") = "shiften_Test", "shiften_Test\shiften_Test.vcxproj", "{70D1594F-7917-401B-912B-2D31481A5AE4}"
EndProject
Project("{8BC9CEB8-8B4A-11D0-8D11-00A0C91BC942}") = "Script_Uebung_22", "Script_Uebung_22\Script_Uebung_22.vcxproj", "{B01C841F-D039-4426-8B2F-9EED9640E228}"
EndProject
Project("{8BC9CEB8-8B4A-11D0-8D11-00A0C91BC942}") = "Script_Uebung_29", "Script_Uebung_29\Script_Uebung_29.vcxproj", "{7EA3F0FA-8DFA-490A-847B-A79389E90156}"
EndProject
Project("{8BC9CEB8-8B4A-11D0-8D11-00A0C91BC942}") = "Script_Uebung_31", "Script_Uebung_31\Script_Uebung_31.vcxproj", "{46D1E14B-0514-4ECD-B72D-0C4D6FD0DAFE}"
EndProject
Project("{8BC9CEB8-8B4A-11D0-8D11-00A0C91BC942}") = "Script_Uebung_35", "Script_Uebung_35\Script_Uebung_35.vcxproj", "{FBE348C9-A31F-4FC3-8659-C6FDA4505805}"
EndProject
Project("{8BC9CEB8-8B4A-11D0-8D11-00A0C91BC942}") = "Array", "Array\Array.vcxproj", "{D82390C0-99F0-4BA9-94AF-03EBCEBD1476}"
EndProject
Project("{8BC9CEB8-8B4A-11D0-8D11-00A0C91BC942}") = "Script_Uebung_47", "Script_Uebung_47\Script_Uebung_47.vcxproj", "{E6106EF1-2A8A-4A4A-8A9C-D6B8CD191F33}"
EndProject
Project("{8BC9CEB8-8B4A-11D0-8D11-00A0C91BC942}") = "Script_Uebung_48", "Script_Uebung_48\Script_Uebung_48.vcxproj", "{FB21808A-C9F4-4805-AC78-B5678A1ECF4D}"
EndProject
Global
	GlobalSection(SolutionConfigurationPlatforms) = preSolution
		Debug|Win32 = Debug|Win32
		Debug|x64 = Debug|x64
		Release|Win32 = Release|Win32
		Release|x64 = Release|x64
	EndGlobalSection
	GlobalSection(ProjectConfigurationPlatforms) = postSolution
		{DA4AE855-5433-4030-8410-FC7B5D3E2557}.Debug|Win32.ActiveCfg = Debug|Win32
		{DA4AE855-5433-4030-8410-FC7B5D3E2557}.Debug|Win32.Build.0 = Debug|Win32
		{DA4AE855-5433-4030-8410-FC7B5D3E2557}.Debug|x64.ActiveCfg = Debug|Win32
		{DA4AE855-5433-4030-8410-FC7B5D3E2557}.Release|Win32.ActiveCfg = Release|Win32
		{DA4AE855-5433-4030-8410-FC7B5D3E2557}.Release|Win32.Build.0 = Release|Win32
		{DA4AE855-5433-4030-8410-FC7B5D3E2557}.Release|x64.ActiveCfg = Release|Win32
		{21A7E976-1CF5-4BE6-9AAD-45C872D21DF0}.Debug|Win32.ActiveCfg = Debug|Win32
		{21A7E976-1CF5-4BE6-9AAD-45C872D21DF0}.Debug|Win32.Build.0 = Debug|Win32
		{21A7E976-1CF5-4BE6-9AAD-45C872D21DF0}.Debug|x64.ActiveCfg = Debug|Win32
		{21A7E976-1CF5-4BE6-9AAD-45C872D21DF0}.Release|Win32.ActiveCfg = Release|Win32
		{21A7E976-1CF5-4BE6-9AAD-45C872D21DF0}.Release|Win32.Build.0 = Release|Win32
		{21A7E976-1CF5-4BE6-9AAD-45C872D21DF0}.Release|x64.ActiveCfg = Release|Win32
		{DDFE1146-3060-481E-8B6D-138515FCBCDE}.Debug|Win32.ActiveCfg = Debug|Win32
		{DDFE1146-3060-481E-8B6D-138515FCBCDE}.Debug|Win32.Build.0 = Debug|Win32
		{DDFE1146-3060-481E-8B6D-138515FCBCDE}.Debug|x64.ActiveCfg = Debug|Win32
		{DDFE1146-3060-481E-8B6D-138515FCBCDE}.Release|Win32.ActiveCfg = Release|Win32
		{DDFE1146-3060-481E-8B6D-138515FCBCDE}.Release|Win32.Build.0 = Release|Win32
		{DDFE1146-3060-481E-8B6D-138515FCBCDE}.Release|x64.ActiveCfg = Release|Win32
		{383D8B45-B309-4ECF-A5FC-A6497C50276B}.Debug|Win32.ActiveCfg = Debug|Win32
		{383D8B45-B309-4ECF-A5FC-A6497C50276B}.Debug|Win32.Build.0 = Debug|Win32
		{383D8B45-B309-4ECF-A5FC-A6497C50276B}.Debug|x64.ActiveCfg = Debug|Win32
		{383D8B45-B309-4ECF-A5FC-A6497C50276B}.Release|Win32.ActiveCfg = Release|Win32
		{383D8B45-B309-4ECF-A5FC-A6497C50276B}.Release|Win32.Build.0 = Release|Win32
		{383D8B45-B309-4ECF-A5FC-A6497C50276B}.Release|x64.ActiveCfg = Release|Win32
		{FA7BF2E5-F3D2-470B-8DB6-989E27E37CAC}.Debug|Win32.ActiveCfg = Debug|Win32
		{FA7BF2E5-F3D2-470B-8DB6-989E27E37CAC}.Debug|Win32.Build.0 = Debug|Win32
		{FA7BF2E5-F3D2-470B-8DB6-989E27E37CAC}.Debug|x64.ActiveCfg = Debug|Win32
		{FA7BF2E5-F3D2-470B-8DB6-989E27E37CAC}.Release|Win32.ActiveCfg = Release|Win32
		{FA7BF2E5-F3D2-470B-8DB6-989E27E37CAC}.Release|Win32.Build.0 = Release|Win32
		{FA7BF2E5-F3D2-470B-8DB6-989E27E37CAC}.Release|x64.ActiveCfg = Release|Win32
		{E484DEA3-117F-4A51-B5EE-ECFA2FF79D98}.Debug|Win32.ActiveCfg = Debug|Win32
		{E484DEA3-117F-4A51-B5EE-ECFA2FF79D98}.Debug|Win32.Build.0 = Debug|Win32
		{E484DEA3-117F-4A51-B5EE-ECFA2FF79D98}.Debug|x64.ActiveCfg = Debug|Win32
		{E484DEA3-117F-4A51-B5EE-ECFA2FF79D98}.Release|Win32.ActiveCfg = Release|Win32
		{E484DEA3-117F-4A51-B5EE-ECFA2FF79D98}.Release|Win32.Build.0 = Release|Win32
		{E484DEA3-117F-4A51-B5EE-ECFA2FF79D98}.Release|x64.ActiveCfg = Release|Win32
		{2057CABF-1E27-4950-A1AD-454BCAB93775}.Debug|Win32.ActiveCfg = Debug|Win32
		{2057CABF-1E27-4950-A1AD-454BCAB93775}.Debug|Win32.Build.0 = Debug|Win32
		{2057CABF-1E27-4950-A1AD-454BCAB93775}.Debug|x64.ActiveCfg = Debug|Win32
		{2057CABF-1E27-4950-A1AD-454BCAB93775}.Release|Win32.ActiveCfg = Release|Win32
		{2057CABF-1E27-4950-A1AD-454BCAB93775}.Release|Win32.Build.0 = Release|Win32
		{2057CABF-1E27-4950-A1AD-454BCAB93775}.Release|x64.ActiveCfg = Release|Win32
		{FD304EE1-4E0A-4BD7-AFC4-F6E906B310DB}.Debug|Win32.ActiveCfg = Debug|Win32
		{FD304EE1-4E0A-4BD7-AFC4-F6E906B310DB}.Debug|Win32.Build.0 = Debug|Win32
		{FD304EE1-4E0A-4BD7-AFC4-F6E906B310DB}.Debug|x64.ActiveCfg = Debug|x64
		{FD304EE1-4E0A-4BD7-AFC4-F6E906B310DB}.Debug|x64.Build.0 = Debug|x64
		{FD304EE1-4E0A-4BD7-AFC4-F6E906B310DB}.Release|Win32.ActiveCfg = Release|Win32
		{FD304EE1-4E0A-4BD7-AFC4-F6E906B310DB}.Release|Win32.Build.0 = Release|Win32
		{FD304EE1-4E0A-4BD7-AFC4-F6E906B310DB}.Release|x64.ActiveCfg = Release|x64
		{FD304EE1-4E0A-4BD7-AFC4-F6E906B310DB}.Release|x64.Build.0 = Release|x64
		{4DCA7E6A-0ADB-4F4F-94C4-3FBC9A36BA36}.Debug|Win32.ActiveCfg = Debug|Win32
		{4DCA7E6A-0ADB-4F4F-94C4-3FBC9A36BA36}.Debug|Win32.Build.0 = Debug|Win32
		{4DCA7E6A-0ADB-4F4F-94C4-3FBC9A36BA36}.Debug|x64.ActiveCfg = Debug|x64
		{4DCA7E6A-0ADB-4F4F-94C4-3FBC9A36BA36}.Debug|x64.Build.0 = Debug|x64
		{4DCA7E6A-0ADB-4F4F-94C4-3FBC9A36BA36}.Release|Win32.ActiveCfg = Release|Win32
		{4DCA7E6A-0ADB-4F4F-94C4-3FBC9A36BA36}.Release|Win32.Build.0 = Release|Win32
		{4DCA7E6A-0ADB-4F4F-94C4-3FBC9A36BA36}.Release|x64.ActiveCfg = Release|x64
		{4DCA7E6A-0ADB-4F4F-94C4-3FBC9A36BA36}.Release|x64.Build.0 = Release|x64
		{BAA39BD2-C390-47A0-8172-6FB99CEC5CD0}.Debug|Win32.ActiveCfg = Debug|Win32
		{BAA39BD2-C390-47A0-8172-6FB99CEC5CD0}.Debug|Win32.Build.0 = Debug|Win32
		{BAA39BD2-C390-47A0-8172-6FB99CEC5CD0}.Debug|x64.ActiveCfg = Debug|x64
		{BAA39BD2-C390-47A0-8172-6FB99CEC5CD0}.Debug|x64.Build.0 = Debug|x64
		{BAA39BD2-C390-47A0-8172-6FB99CEC5CD0}.Release|Win32.ActiveCfg = Release|Win32
		{BAA39BD2-C390-47A0-8172-6FB99CEC5CD0}.Release|Win32.Build.0 = Release|Win32
		{BAA39BD2-C390-47A0-8172-6FB99CEC5CD0}.Release|x64.ActiveCfg = Release|x64
		{BAA39BD2-C390-47A0-8172-6FB99CEC5CD0}.Release|x64.Build.0 = Release|x64
		{57E70808-E16E-4A43-8F80-74BC3AB80EAF}.Debug|Win32.ActiveCfg = Debug|Win32
		{57E70808-E16E-4A43-8F80-74BC3AB80EAF}.Debug|Win32.Build.0 = Debug|Win32
		{57E70808-E16E-4A43-8F80-74BC3AB80EAF}.Debug|x64.ActiveCfg = Debug|x64
		{57E70808-E16E-4A43-8F80-74BC3AB80EAF}.Debug|x64.Build.0 = Debug|x64
		{57E70808-E16E-4A43-8F80-74BC3AB80EAF}.Release|Win32.ActiveCfg = Release|Win32
		{57E70808-E16E-4A43-8F80-74BC3AB80EAF}.Release|Win32.Build.0 = Release|Win32
		{57E70808-E16E-4A43-8F80-74BC3AB80EAF}.Release|x64.ActiveCfg = Release|x64
		{57E70808-E16E-4A43-8F80-74BC3AB80EAF}.Release|x64.Build.0 = Release|x64
		{ECCC3A79-D554-4FDC-B67A-E4BECC9B191E}.Debug|Win32.ActiveCfg = Debug|Win32
		{ECCC3A79-D554-4FDC-B67A-E4BECC9B191E}.Debug|Win32.Build.0 = Debug|Win32
		{ECCC3A79-D554-4FDC-B67A-E4BECC9B191E}.Debug|x64.ActiveCfg = Debug|x64
		{ECCC3A79-D554-4FDC-B67A-E4BECC9B191E}.Debug|x64.Build.0 = Debug|x64
		{ECCC3A79-D554-4FDC-B67A-E4BECC9B191E}.Release|Win32.ActiveCfg = Release|Win32
		{ECCC3A79-D554-4FDC-B67A-E4BECC9B191E}.Release|Win32.Build.0 = Release|Win32
		{ECCC3A79-D554-4FDC-B67A-E4BECC9B191E}.Release|x64.ActiveCfg = Release|x64
		{ECCC3A79-D554-4FDC-B67A-E4BECC9B191E}.Release|x64.Build.0 = Release|x64
		{5E7E1F8A-2CC9-4AEF-9507-286E813C3E85}.Debug|Win32.ActiveCfg = Debug|Win32
		{5E7E1F8A-2CC9-4AEF-9507-286E813C3E85}.Debug|Win32.Build.0 = Debug|Win32
		{5E7E1F8A-2CC9-4AEF-9507-286E813C3E85}.Debug|x64.ActiveCfg = Debug|x64
		{5E7E1F8A-2CC9-4AEF-9507-286E813C3E85}.Debug|x64.Build.0 = Debug|x64
		{5E7E1F8A-2CC9-4AEF-9507-286E813C3E85}.Release|Win32.ActiveCfg = Release|Win32
		{5E7E1F8A-2CC9-4AEF-9507-286E813C3E85}.Release|Win32.Build.0 = Release|Win32
		{5E7E1F8A-2CC9-4AEF-9507-286E813C3E85}.Release|x64.ActiveCfg = Release|x64
		{5E7E1F8A-2CC9-4AEF-9507-286E813C3E85}.Release|x64.Build.0 = Release|x64
		{40B48669-1DA8-4742-B841-39EA385C9382}.Debug|Win32.ActiveCfg = Debug|Win32
		{40B48669-1DA8-4742-B841-39EA385C9382}.Debug|Win32.Build.0 = Debug|Win32
		{40B48669-1DA8-4742-B841-39EA385C9382}.Debug|x64.ActiveCfg = Debug|x64
		{40B48669-1DA8-4742-B841-39EA385C9382}.Debug|x64.Build.0 = Debug|x64
		{40B48669-1DA8-4742-B841-39EA385C9382}.Release|Win32.ActiveCfg = Release|Win32
		{40B48669-1DA8-4742-B841-39EA385C9382}.Release|Win32.Build.0 = Release|Win32
		{40B48669-1DA8-4742-B841-39EA385C9382}.Release|x64.ActiveCfg = Release|x64
		{40B48669-1DA8-4742-B841-39EA385C9382}.Release|x64.Build.0 = Release|x64
		{3E2E9448-0639-4091-96A2-159AC6D3EB0A}.Debug|Win32.ActiveCfg = Debug|Win32
		{3E2E9448-0639-4091-96A2-159AC6D3EB0A}.Debug|Win32.Build.0 = Debug|Win32
		{3E2E9448-0639-4091-96A2-159AC6D3EB0A}.Debug|x64.ActiveCfg = Debug|x64
		{3E2E9448-0639-4091-96A2-159AC6D3EB0A}.Debug|x64.Build.0 = Debug|x64
		{3E2E9448-0639-4091-96A2-159AC6D3EB0A}.Release|Win32.ActiveCfg = Release|Win32
		{3E2E9448-0639-4091-96A2-159AC6D3EB0A}.Release|Win32.Build.0 = Release|Win32
		{3E2E9448-0639-4091-96A2-159AC6D3EB0A}.Release|x64.ActiveCfg = Release|x64
		{3E2E9448-0639-4091-96A2-159AC6D3EB0A}.Release|x64.Build.0 = Release|x64
		{95629555-43E6-4FE9-96B0-A5046066FD18}.Debug|Win32.ActiveCfg = Debug|Win32
		{95629555-43E6-4FE9-96B0-A5046066FD18}.Debug|Win32.Build.0 = Debug|Win32
		{95629555-43E6-4FE9-96B0-A5046066FD18}.Debug|x64.ActiveCfg = Debug|x64
		{95629555-43E6-4FE9-96B0-A5046066FD18}.Debug|x64.Build.0 = Debug|x64
		{95629555-43E6-4FE9-96B0-A5046066FD18}.Release|Win32.ActiveCfg = Release|Win32
		{95629555-43E6-4FE9-96B0-A5046066FD18}.Release|Win32.Build.0 = Release|Win32
		{95629555-43E6-4FE9-96B0-A5046066FD18}.Release|x64.ActiveCfg = Release|x64
		{95629555-43E6-4FE9-96B0-A5046066FD18}.Release|x64.Build.0 = Release|x64
		{903DCB81-177E-4133-AFB8-C6A0B39852A8}.Debug|Win32.ActiveCfg = Debug|Win32
		{903DCB81-177E-4133-AFB8-C6A0B39852A8}.Debug|Win32.Build.0 = Debug|Win32
		{903DCB81-177E-4133-AFB8-C6A0B39852A8}.Debug|x64.ActiveCfg = Debug|x64
		{903DCB81-177E-4133-AFB8-C6A0B39852A8}.Debug|x64.Build.0 = Debug|x64
		{903DCB81-177E-4133-AFB8-C6A0B39852A8}.Release|Win32.ActiveCfg = Release|Win32
		{903DCB81-177E-4133-AFB8-C6A0B39852A8}.Release|Win32.Build.0 = Release|Win32
		{903DCB81-177E-4133-AFB8-C6A0B39852A8}.Release|x64.ActiveCfg = Release|x64
		{903DCB81-177E-4133-AFB8-C6A0B39852A8}.Release|x64.Build.0 = Release|x64
		{72986E57-51A2-4598-997C-C45B5D3D41C9}.Debug|Win32.ActiveCfg = Debug|Win32
		{72986E57-51A2-4598-997C-C45B5D3D41C9}.Debug|Win32.Build.0 = Debug|Win32
		{72986E57-51A2-4598-997C-C45B5D3D41C9}.Debug|x64.ActiveCfg = Debug|x64
		{72986E57-51A2-4598-997C-C45B5D3D41C9}.Debug|x64.Build.0 = Debug|x64
		{72986E57-51A2-4598-997C-C45B5D3D41C9}.Release|Win32.ActiveCfg = Release|Win32
		{72986E57-51A2-4598-997C-C45B5D3D41C9}.Release|Win32.Build.0 = Release|Win32
		{72986E57-51A2-4598-997C-C45B5D3D41C9}.Release|x64.ActiveCfg = Release|x64
		{72986E57-51A2-4598-997C-C45B5D3D41C9}.Release|x64.Build.0 = Release|x64
		{ACF80E56-CC3E-4062-9D51-F956DE9E2C10}.Debug|Win32.ActiveCfg = Debug|Win32
		{ACF80E56-CC3E-4062-9D51-F956DE9E2C10}.Debug|Win32.Build.0 = Debug|Win32
		{ACF80E56-CC3E-4062-9D51-F956DE9E2C10}.Debug|x64.ActiveCfg = Debug|x64
		{ACF80E56-CC3E-4062-9D51-F956DE9E2C10}.Debug|x64.Build.0 = Debug|x64
		{ACF80E56-CC3E-4062-9D51-F956DE9E2C10}.Release|Win32.ActiveCfg = Release|Win32
		{ACF80E56-CC3E-4062-9D51-F956DE9E2C10}.Release|Win32.Build.0 = Release|Win32
		{ACF80E56-CC3E-4062-9D51-F956DE9E2C10}.Release|x64.ActiveCfg = Release|x64
		{ACF80E56-CC3E-4062-9D51-F956DE9E2C10}.Release|x64.Build.0 = Release|x64
		{3AA9D634-BF63-4A31-B182-0C8BF68FABF7}.Debug|Win32.ActiveCfg = Debug|Win32
		{3AA9D634-BF63-4A31-B182-0C8BF68FABF7}.Debug|Win32.Build.0 = Debug|Win32
		{3AA9D634-BF63-4A31-B182-0C8BF68FABF7}.Debug|x64.ActiveCfg = Debug|x64
		{3AA9D634-BF63-4A31-B182-0C8BF68FABF7}.Debug|x64.Build.0 = Debug|x64
		{3AA9D634-BF63-4A31-B182-0C8BF68FABF7}.Release|Win32.ActiveCfg = Release|Win32
		{3AA9D634-BF63-4A31-B182-0C8BF68FABF7}.Release|Win32.Build.0 = Release|Win32
		{3AA9D634-BF63-4A31-B182-0C8BF68FABF7}.Release|x64.ActiveCfg = Release|x64
		{3AA9D634-BF63-4A31-B182-0C8BF68FABF7}.Release|x64.Build.0 = Release|x64
		{2BFDBADF-B38B-4EC2-9CB0-19A3D840FF53}.Debug|Win32.ActiveCfg = Debug|Win32
		{2BFDBADF-B38B-4EC2-9CB0-19A3D840FF53}.Debug|Win32.Build.0 = Debug|Win32
		{2BFDBADF-B38B-4EC2-9CB0-19A3D840FF53}.Debug|x64.ActiveCfg = Debug|x64
		{2BFDBADF-B38B-4EC2-9CB0-19A3D840FF53}.Debug|x64.Build.0 = Debug|x64
		{2BFDBADF-B38B-4EC2-9CB0-19A3D840FF53}.Release|Win32.ActiveCfg = Release|Win32
		{2BFDBADF-B38B-4EC2-9CB0-19A3D840FF53}.Release|Win32.Build.0 = Release|Win32
		{2BFDBADF-B38B-4EC2-9CB0-19A3D840FF53}.Release|x64.ActiveCfg = Release|x64
		{2BFDBADF-B38B-4EC2-9CB0-19A3D840FF53}.Release|x64.Build.0 = Release|x64
		{4249C667-E9C0-4E64-B3D5-80FFCDC55E24}.Debug|Win32.ActiveCfg = Debug|Win32
		{4249C667-E9C0-4E64-B3D5-80FFCDC55E24}.Debug|Win32.Build.0 = Debug|Win32
		{4249C667-E9C0-4E64-B3D5-80FFCDC55E24}.Debug|x64.ActiveCfg = Debug|x64
		{4249C667-E9C0-4E64-B3D5-80FFCDC55E24}.Debug|x64.Build.0 = Debug|x64
		{4249C667-E9C0-4E64-B3D5-80FFCDC55E24}.Release|Win32.ActiveCfg = Release|Win32
		{4249C667-E9C0-4E64-B3D5-80FFCDC55E24}.Release|Win32.Build.0 = Release|Win32
		{4249C667-E9C0-4E64-B3D5-80FFCDC55E24}.Release|x64.ActiveCfg = Release|x64
		{4249C667-E9C0-4E64-B3D5-80FFCDC55E24}.Release|x64.Build.0 = Release|x64
		{76CA06FF-8DB1-4EB7-BF73-21E60BB52F8E}.Debug|Win32.ActiveCfg = Debug|Win32
		{76CA06FF-8DB1-4EB7-BF73-21E60BB52F8E}.Debug|Win32.Build.0 = Debug|Win32
		{76CA06FF-8DB1-4EB7-BF73-21E60BB52F8E}.Debug|x64.ActiveCfg = Debug|x64
		{76CA06FF-8DB1-4EB7-BF73-21E60BB52F8E}.Debug|x64.Build.0 = Debug|x64
		{76CA06FF-8DB1-4EB7-BF73-21E60BB52F8E}.Release|Win32.ActiveCfg = Release|Win32
		{76CA06FF-8DB1-4EB7-BF73-21E60BB52F8E}.Release|Win32.Build.0 = Release|Win32
		{76CA06FF-8DB1-4EB7-BF73-21E60BB52F8E}.Release|x64.ActiveCfg = Release|x64
		{76CA06FF-8DB1-4EB7-BF73-21E60BB52F8E}.Release|x64.Build.0 = Release|x64
		{FDFA8C13-F4E2-4AE3-AB96-F64392A4046A}.Debug|Win32.ActiveCfg = Debug|Win32
		{FDFA8C13-F4E2-4AE3-AB96-F64392A4046A}.Debug|Win32.Build.0 = Debug|Win32
		{FDFA8C13-F4E2-4AE3-AB96-F64392A4046A}.Debug|x64.ActiveCfg = Debug|x64
		{FDFA8C13-F4E2-4AE3-AB96-F64392A4046A}.Debug|x64.Build.0 = Debug|x64
		{FDFA8C13-F4E2-4AE3-AB96-F64392A4046A}.Release|Win32.ActiveCfg = Release|Win32
		{FDFA8C13-F4E2-4AE3-AB96-F64392A4046A}.Release|Win32.Build.0 = Release|Win32
		{FDFA8C13-F4E2-4AE3-AB96-F64392A4046A}.Release|x64.ActiveCfg = Release|x64
		{FDFA8C13-F4E2-4AE3-AB96-F64392A4046A}.Release|x64.Build.0 = Release|x64
		{D682C41E-67B1-45A8-8981-7FAA6C660025}.Debug|Win32.ActiveCfg = Debug|Win32
		{D682C41E-67B1-45A8-8981-7FAA6C660025}.Debug|Win32.Build.0 = Debug|Win32
		{D682C41E-67B1-45A8-8981-7FAA6C660025}.Debug|x64.ActiveCfg = Debug|x64
		{D682C41E-67B1-45A8-8981-7FAA6C660025}.Debug|x64.Build.0 = Debug|x64
		{D682C41E-67B1-45A8-8981-7FAA6C660025}.Release|Win32.ActiveCfg = Release|Win32
		{D682C41E-67B1-45A8-8981-7FAA6C660025}.Release|Win32.Build.0 = Release|Win32
		{D682C41E-67B1-45A8-8981-7FAA6C660025}.Release|x64.ActiveCfg = Release|x64
		{D682C41E-67B1-45A8-8981-7FAA6C660025}.Release|x64.Build.0 = Release|x64
		{1EBB4490-3AF3-4841-AC10-47452D1DD6DF}.Debug|Win32.ActiveCfg = Debug|Win32
		{1EBB4490-3AF3-4841-AC10-47452D1DD6DF}.Debug|Win32.Build.0 = Debug|Win32
		{1EBB4490-3AF3-4841-AC10-47452D1DD6DF}.Debug|x64.ActiveCfg = Debug|x64
		{1EBB4490-3AF3-4841-AC10-47452D1DD6DF}.Debug|x64.Build.0 = Debug|x64
		{1EBB4490-3AF3-4841-AC10-47452D1DD6DF}.Release|Win32.ActiveCfg = Release|Win32
		{1EBB4490-3AF3-4841-AC10-47452D1DD6DF}.Release|Win32.Build.0 = Release|Win32
		{1EBB4490-3AF3-4841-AC10-47452D1DD6DF}.Release|x64.ActiveCfg = Release|x64
		{1EBB4490-3AF3-4841-AC10-47452D1DD6DF}.Release|x64.Build.0 = Release|x64
		{70D1594F-7917-401B-912B-2D31481A5AE4}.Debug|Win32.ActiveCfg = Debug|Win32
		{70D1594F-7917-401B-912B-2D31481A5AE4}.Debug|Win32.Build.0 = Debug|Win32
		{70D1594F-7917-401B-912B-2D31481A5AE4}.Debug|x64.ActiveCfg = Debug|x64
		{70D1594F-7917-401B-912B-2D31481A5AE4}.Debug|x64.Build.0 = Debug|x64
		{70D1594F-7917-401B-912B-2D31481A5AE4}.Release|Win32.ActiveCfg = Release|Win32
		{70D1594F-7917-401B-912B-2D31481A5AE4}.Release|Win32.Build.0 = Release|Win32
		{70D1594F-7917-401B-912B-2D31481A5AE4}.Release|x64.ActiveCfg = Release|x64
		{70D1594F-7917-401B-912B-2D31481A5AE4}.Release|x64.Build.0 = Release|x64
		{B01C841F-D039-4426-8B2F-9EED9640E228}.Debug|Win32.ActiveCfg = Debug|Win32
		{B01C841F-D039-4426-8B2F-9EED9640E228}.Debug|Win32.Build.0 = Debug|Win32
		{B01C841F-D039-4426-8B2F-9EED9640E228}.Debug|x64.ActiveCfg = Debug|x64
		{B01C841F-D039-4426-8B2F-9EED9640E228}.Debug|x64.Build.0 = Debug|x64
		{B01C841F-D039-4426-8B2F-9EED9640E228}.Release|Win32.ActiveCfg = Release|Win32
		{B01C841F-D039-4426-8B2F-9EED9640E228}.Release|Win32.Build.0 = Release|Win32
		{B01C841F-D039-4426-8B2F-9EED9640E228}.Release|x64.ActiveCfg = Release|x64
		{B01C841F-D039-4426-8B2F-9EED9640E228}.Release|x64.Build.0 = Release|x64
		{7EA3F0FA-8DFA-490A-847B-A79389E90156}.Debug|Win32.ActiveCfg = Debug|Win32
		{7EA3F0FA-8DFA-490A-847B-A79389E90156}.Debug|Win32.Build.0 = Debug|Win32
		{7EA3F0FA-8DFA-490A-847B-A79389E90156}.Debug|x64.ActiveCfg = Debug|x64
		{7EA3F0FA-8DFA-490A-847B-A79389E90156}.Debug|x64.Build.0 = Debug|x64
		{7EA3F0FA-8DFA-490A-847B-A79389E90156}.Release|Win32.ActiveCfg = Release|Win32
		{7EA3F0FA-8DFA-490A-847B-A79389E90156}.Release|Win32.Build.0 = Release|Win32
		{7EA3F0FA-8DFA-490A-847B-A79389E90156}.Release|x64.ActiveCfg = Release|x64
		{7EA3F0FA-8DFA-490A-847B-A79389E90156}.Release|x64.Build.0 = Release|x64
		{46D1E14B-0514-4ECD-B72D-0C4D6FD0DAFE}.Debug|Win32.ActiveCfg = Debug|Win32
		{46D1E14B-0514-4ECD-B72D-0C4D6FD0DAFE}.Debug|Win32.Build.0 = Debug|Win32
		{46D1E14B-0514-4ECD-B72D-0C4D6FD0DAFE}.Debug|x64.ActiveCfg = Debug|x64
		{46D1E14B-0514-4ECD-B72D-0C4D6FD0DAFE}.Debug|x64.Build.0 = Debug|x64
		{46D1E14B-0514-4ECD-B72D-0C4D6FD0DAFE}.Release|Win32.ActiveCfg = Release|Win32
		{46D1E14B-0514-4ECD-B72D-0C4D6FD0DAFE}.Release|Win32.Build.0 = Release|Win32
		{46D1E14B-0514-4ECD-B72D-0C4D6FD0DAFE}.Release|x64.ActiveCfg = Release|x64
		{46D1E14B-0514-4ECD-B72D-0C4D6FD0DAFE}.Release|x64.Build.0 = Release|x64
		{FBE348C9-A31F-4FC3-8659-C6FDA4505805}.Debug|Win32.ActiveCfg = Debug|Win32
		{FBE348C9-A31F-4FC3-8659-C6FDA4505805}.Debug|Win32.Build.0 = Debug|Win32
		{FBE348C9-A31F-4FC3-8659-C6FDA4505805}.Debug|x64.ActiveCfg = Debug|x64
		{FBE348C9-A31F-4FC3-8659-C6FDA4505805}.Debug|x64.Build.0 = Debug|x64
		{FBE348C9-A31F-4FC3-8659-C6FDA4505805}.Release|Win32.ActiveCfg = Release|Win32
		{FBE348C9-A31F-4FC3-8659-C6FDA4505805}.Release|Win32.Build.0 = Release|Win32
		{FBE348C9-A31F-4FC3-8659-C6FDA4505805}.Release|x64.ActiveCfg = Release|x64
		{FBE348C9-A31F-4FC3-8659-C6FDA4505805}.Release|x64.Build.0 = Release|x64
		{D82390C0-99F0-4BA9-94AF-03EBCEBD1476}.Debug|Win32.ActiveCfg = Debug|Win32
		{D82390C0-99F0-4BA9-94AF-03EBCEBD1476}.Debug|Win32.Build.0 = Debug|Win32
		{D82390C0-99F0-4BA9-94AF-03EBCEBD1476}.Debug|x64.ActiveCfg = Debug|x64
		{D82390C0-99F0-4BA9-94AF-03EBCEBD1476}.Debug|x64.Build.0 = Debug|x64
		{D82390C0-99F0-4BA9-94AF-03EBCEBD1476}.Release|Win32.ActiveCfg = Release|Win32
		{D82390C0-99F0-4BA9-94AF-03EBCEBD1476}.Release|Win32.Build.0 = Release|Win32
		{D82390C0-99F0-4BA9-94AF-03EBCEBD1476}.Release|x64.ActiveCfg = Release|x64
		{D82390C0-99F0-4BA9-94AF-03EBCEBD1476}.Release|x64.Build.0 = Release|x64
		{E6106EF1-2A8A-4A4A-8A9C-D6B8CD191F33}.Debug|Win32.ActiveCfg = Debug|Win32
		{E6106EF1-2A8A-4A4A-8A9C-D6B8CD191F33}.Debug|Win32.Build.0 = Debug|Win32
		{E6106EF1-2A8A-4A4A-8A9C-D6B8CD191F33}.Debug|x64.ActiveCfg = Debug|x64
		{E6106EF1-2A8A-4A4A-8A9C-D6B8CD191F33}.Debug|x64.Build.0 = Debug|x64
		{E6106EF1-2A8A-4A4A-8A9C-D6B8CD191F33}.Release|Win32.ActiveCfg = Release|Win32
		{E6106EF1-2A8A-4A4A-8A9C-D6B8CD191F33}.Release|Win32.Build.0 = Release|Win32
		{E6106EF1-2A8A-4A4A-8A9C-D6B8CD191F33}.Release|x64.ActiveCfg = Release|x64
		{E6106EF1-2A8A-4A4A-8A9C-D6B8CD191F33}.Release|x64.Build.0 = Release|x64
		{FB21808A-C9F4-4805-AC78-B5678A1ECF4D}.Debug|Win32.ActiveCfg = Debug|Win32
		{FB21808A-C9F4-4805-AC78-B5678A1ECF4D}.Debug|Win32.Build.0 = Debug|Win32
		{FB21808A-C9F4-4805-AC78-B5678A1ECF4D}.Debug|x64.ActiveCfg = Debug|x64
		{FB21808A-C9F4-4805-AC78-B5678A1ECF4D}.Debug|x64.Build.0 = Debug|x64
		{FB21808A-C9F4-4805-AC78-B5678A1ECF4D}.Release|Win32.ActiveCfg = Release|Win32
		{FB21808A-C9F4-4805-AC78-B5678A1ECF4D}.Release|Win32.Build.0 = Release|Win32
		{FB21808A-C9F4-4805-AC78-B5678A1ECF4D}.Release|x64.ActiveCfg = Release|x64
		{FB21808A-C9F4-4805-AC78-B5678A1ECF4D}.Release|x64.Build.0 = Release|x64
	EndGlobalSection
	GlobalSection(SolutionProperties) = preSolution
		HideSolutionNode = FALSE
	EndGlobalSection
EndGlobal
